
Microsoft Visual Studio Solution File, Format Version 12.00
# SQL Server Management Studio Version 21
VisualStudioVersion = 17.14.36429.23
MinimumVisualStudioVersion = 10.0.40219.1
Project("{4F2E2C19-372F-40D8-9FA7-9D2138C6997A}") = "Grupo06", "Grupo06.ssmssqlproj", "{1B54907C-A78F-7592-2F23-C908FBCB8342}"
EndProject
Global
	GlobalSection(SolutionConfigurationPlatforms) = preSolution
		Default|Default = Default|Default
	EndGlobalSection
	GlobalSection(ProjectConfigurationPlatforms) = postSolution
		{1B54907C-A78F-7592-2F23-C908FBCB8342}.Default|Default.ActiveCfg = Default
		{CBB462C9-E6CF-4803-9560-4B6BE5459BA2}.Default|Default.ActiveCfg = Default
	EndGlobalSection
	GlobalSection(SolutionProperties) = preSolution
		HideSolutionNode = FALSE
	EndGlobalSection
	GlobalSection(ExtensibilityGlobals) = postSolution
		SolutionGuid = {39465440-336A-4B30-8371-4151E9974007}
	EndGlobalSection
EndGlobal
